
Microsoft Visual Studio Solution File, Format Version 12.00
Project("{FAE04EC0-301F-11D3-BF4B-00C04F79EFBC}") = "Demo.Web", "Demo.Web\Demo.Web.csproj", "{24113731-811F-452F-9B93-C8FD0C0FE730}"
EndProject
Project("{FAE04EC0-301F-11D3-BF4B-00C04F79EFBC}") = "Demo.Model", "Demo.Model\Demo.Model.csproj", "{7DFE982F-B31D-4C24-B735-814D660A4F72}"
EndProject
Project("{FAE04EC0-301F-11D3-BF4B-00C04F79EFBC}") = "Demo.Repository", "Demo.Repository\Demo.Repository.csproj", "{0CE5B937-E080-4FED-9E9C-C387CF83FE17}"
EndProject
Project("{FAE04EC0-301F-11D3-BF4B-00C04F79EFBC}") = "Demo.Service", "Demo.Service\Demo.Service.csproj", "{BE88B872-4520-451E-A547-45D4E9D541AA}"
EndProject
Project("{FAE04EC0-301F-11D3-BF4B-00C04F79EFBC}") = "Demo.Dto", "Demo.Dto\Demo.Dto.csproj", "{EF8B130A-7FC6-42A4-B801-2E653665D42F}"
EndProject
Project("{FAE04EC0-301F-11D3-BF4B-00C04F79EFBC}") = "Demo.Common", "Demo.Common\Demo.Common.csproj", "{93F5DACE-057F-46AF-8305-AE7A8B72088A}"
EndProject
Global
	GlobalSection(SolutionConfigurationPlatforms) = preSolution
		Debug|Any CPU = Debug|Any CPU
		Release|Any CPU = Release|Any CPU
	EndGlobalSection
	GlobalSection(ProjectConfigurationPlatforms) = postSolution
		{24113731-811F-452F-9B93-C8FD0C0FE730}.Debug|Any CPU.ActiveCfg = Debug|Any CPU
		{24113731-811F-452F-9B93-C8FD0C0FE730}.Debug|Any CPU.Build.0 = Debug|Any CPU
		{24113731-811F-452F-9B93-C8FD0C0FE730}.Release|Any CPU.ActiveCfg = Release|Any CPU
		{24113731-811F-452F-9B93-C8FD0C0FE730}.Release|Any CPU.Build.0 = Release|Any CPU
		{7DFE982F-B31D-4C24-B735-814D660A4F72}.Debug|Any CPU.ActiveCfg = Debug|Any CPU
		{7DFE982F-B31D-4C24-B735-814D660A4F72}.Debug|Any CPU.Build.0 = Debug|Any CPU
		{7DFE982F-B31D-4C24-B735-814D660A4F72}.Release|Any CPU.ActiveCfg = Release|Any CPU
		{7DFE982F-B31D-4C24-B735-814D660A4F72}.Release|Any CPU.Build.0 = Release|Any CPU
		{0CE5B937-E080-4FED-9E9C-C387CF83FE17}.Debug|Any CPU.ActiveCfg = Debug|Any CPU
		{0CE5B937-E080-4FED-9E9C-C387CF83FE17}.Debug|Any CPU.Build.0 = Debug|Any CPU
		{0CE5B937-E080-4FED-9E9C-C387CF83FE17}.Release|Any CPU.ActiveCfg = Release|Any CPU
		{0CE5B937-E080-4FED-9E9C-C387CF83FE17}.Release|Any CPU.Build.0 = Release|Any CPU
		{BE88B872-4520-451E-A547-45D4E9D541AA}.Debug|Any CPU.ActiveCfg = Debug|Any CPU
		{BE88B872-4520-451E-A547-45D4E9D541AA}.Debug|Any CPU.Build.0 = Debug|Any CPU
		{BE88B872-4520-451E-A547-45D4E9D541AA}.Release|Any CPU.ActiveCfg = Release|Any CPU
		{BE88B872-4520-451E-A547-45D4E9D541AA}.Release|Any CPU.Build.0 = Release|Any CPU
		{EF8B130A-7FC6-42A4-B801-2E653665D42F}.Debug|Any CPU.ActiveCfg = Debug|Any CPU
		{EF8B130A-7FC6-42A4-B801-2E653665D42F}.Debug|Any CPU.Build.0 = Debug|Any CPU
		{EF8B130A-7FC6-42A4-B801-2E653665D42F}.Release|Any CPU.ActiveCfg = Release|Any CPU
		{EF8B130A-7FC6-42A4-B801-2E653665D42F}.Release|Any CPU.Build.0 = Release|Any CPU
		{93F5DACE-057F-46AF-8305-AE7A8B72088A}.Debug|Any CPU.ActiveCfg = Debug|Any CPU
		{93F5DACE-057F-46AF-8305-AE7A8B72088A}.Debug|Any CPU.Build.0 = Debug|Any CPU
		{93F5DACE-057F-46AF-8305-AE7A8B72088A}.Release|Any CPU.ActiveCfg = Release|Any CPU
		{93F5DACE-057F-46AF-8305-AE7A8B72088A}.Release|Any CPU.Build.0 = Release|Any CPU
	EndGlobalSection
EndGlobal
